// !$*UTF8*$!
{
	archiveVersion = 1;
	classes = {
	};
	objectVersion = 55;
	objects = {

/* Begin PBXBuildFile section */
		96D9C3CC29A59F8C00089E21 /* AppDelegate.m in Sources */ = {isa = PBXBuildFile; fileRef = 96D9C3CB29A59F8C00089E21 /* AppDelegate.m */; };
		96D9C3CF29A59F8C00089E21 /* SceneDelegate.m in Sources */ = {isa = PBXBuildFile; fileRef = 96D9C3CE29A59F8C00089E21 /* SceneDelegate.m */; };
		96D9C3D529A59F8C00089E21 /* Main.storyboard in Resources */ = {isa = PBXBuildFile; fileRef = 96D9C3D329A59F8C00089E21 /* Main.storyboard */; };
		96D9C3D829A59F8C00089E21 /* MemoApp.xcdatamodeld in Sources */ = {isa = PBXBuildFile; fileRef = 96D9C3D629A59F8C00089E21 /* MemoApp.xcdatamodeld */; };
		96D9C3DA29A59F8E00089E21 /* Assets.xcassets in Resources */ = {isa = PBXBuildFile; fileRef = 96D9C3D929A59F8E00089E21 /* Assets.xcassets */; };
		96D9C3DD29A59F8E00089E21 /* LaunchScreen.storyboard in Resources */ = {isa = PBXBuildFile; fileRef = 96D9C3DB29A59F8E00089E21 /* LaunchScreen.storyboard */; };
		96D9C3E029A59F8E00089E21 /* main.m in Sources */ = {isa = PBXBuildFile; fileRef = 96D9C3DF29A59F8E00089E21 /* main.m */; };
		96D9C3E929A5A3BF00089E21 /* Memo.m in Sources */ = {isa = PBXBuildFile; fileRef = 96D9C3E829A5A3BF00089E21 /* Memo.m */; };
		96D9C3F329A5A7B900089E21 /* MemoListTableViewController.m in Sources */ = {isa = PBXBuildFile; fileRef = 96D9C3F229A5A7B900089E21 /* MemoListTableViewController.m */; };
		96D9C3F629A5B08E00089E21 /* ComposeViewController.m in Sources */ = {isa = PBXBuildFile; fileRef = 96D9C3F529A5B08E00089E21 /* ComposeViewController.m */; };
		96D9C3FF29A5B8A000089E21 /* DetailViewController.m in Sources */ = {isa = PBXBuildFile; fileRef = 96D9C3FE29A5B8A000089E21 /* DetailViewController.m */; };
/* End PBXBuildFile section */

/* Begin PBXFileReference section */
		96D9C3C729A59F8C00089E21 /* MemoApp.app */ = {isa = PBXFileReference; explicitFileType = wrapper.application; includeInIndex = 0; path = MemoApp.app; sourceTree = BUILT_PRODUCTS_DIR; };
		96D9C3CA29A59F8C00089E21 /* AppDelegate.h */ = {isa = PBXFileReference; lastKnownFileType = sourcecode.c.h; path = AppDelegate.h; sourceTree = "<group>"; };
		96D9C3CB29A59F8C00089E21 /* AppDelegate.m */ = {isa = PBXFileReference; lastKnownFileType = sourcecode.c.objc; path = AppDelegate.m; sourceTree = "<group>"; };
		96D9C3CD29A59F8C00089E21 /* SceneDelegate.h */ = {isa = PBXFileReference; lastKnownFileType = sourcecode.c.h; path = SceneDelegate.h; sourceTree = "<group>"; };
		96D9C3CE29A59F8C00089E21 /* SceneDelegate.m */ = {isa = PBXFileReference; lastKnownFileType = sourcecode.c.objc; path = SceneDelegate.m; sourceTree = "<group>"; };
		96D9C3D429A59F8C00089E21 /* Base */ = {isa = PBXFileReference; lastKnownFileType = file.storyboard; name = Base; path = Base.lproj/Main.storyboard; sourceTree = "<group>"; };
		96D9C3D729A59F8C00089E21 /* MemoApp.xcdatamodel */ = {isa = PBXFileReference; lastKnownFileType = wrapper.xcdatamodel; path = MemoApp.xcdatamodel; sourceTree = "<group>"; };
		96D9C3D929A59F8E00089E21 /* Assets.xcassets */ = {isa = PBXFileReference; lastKnownFileType = folder.assetcatalog; path = Assets.xcassets; sourceTree = "<group>"; };
		96D9C3DC29A59F8E00089E21 /* Base */ = {isa = PBXFileReference; lastKnownFileType = file.storyboard; name = Base; path = Base.lproj/LaunchScreen.storyboard; sourceTree = "<group>"; };
		96D9C3DE29A59F8E00089E21 /* Info.plist */ = {isa = PBXFileReference; lastKnownFileType = text.plist.xml; path = Info.plist; sourceTree = "<group>"; };
		96D9C3DF29A59F8E00089E21 /* main.m */ = {isa = PBXFileReference; lastKnownFileType = sourcecode.c.objc; path = main.m; sourceTree = "<group>"; };
		96D9C3E729A5A3BF00089E21 /* Memo.h */ = {isa = PBXFileReference; lastKnownFileType = sourcecode.c.h; path = Memo.h; sourceTree = "<group>"; };
		96D9C3E829A5A3BF00089E21 /* Memo.m */ = {isa = PBXFileReference; lastKnownFileType = sourcecode.c.objc; path = Memo.m; sourceTree = "<group>"; };
		96D9C3F129A5A7B900089E21 /* MemoListTableViewController.h */ = {isa = PBXFileReference; lastKnownFileType = sourcecode.c.h; path = MemoListTableViewController.h; sourceTree = "<group>"; };
		96D9C3F229A5A7B900089E21 /* MemoListTableViewController.m */ = {isa = PBXFileReference; lastKnownFileType = sourcecode.c.objc; path = MemoListTableViewController.m; sourceTree = "<group>"; };
		96D9C3F429A5B08E00089E21 /* ComposeViewController.h */ = {isa = PBXFileReference; lastKnownFileType = sourcecode.c.h; path = ComposeViewController.h; sourceTree = "<group>"; };
		96D9C3F529A5B08E00089E21 /* ComposeViewController.m */ = {isa = PBXFileReference; lastKnownFileType = sourcecode.c.objc; path = ComposeViewController.m; sourceTree = "<group>"; };
		96D9C3FD29A5B8A000089E21 /* DetailViewController.h */ = {isa = PBXFileReference; lastKnownFileType = sourcecode.c.h; path = DetailViewController.h; sourceTree = "<group>"; };
		96D9C3FE29A5B8A000089E21 /* DetailViewController.m */ = {isa = PBXFileReference; lastKnownFileType = sourcecode.c.objc; path = DetailViewController.m; sourceTree = "<group>"; };
/* End PBXFileReference section */

/* Begin PBXFrameworksBuildPhase section */
		96D9C3C429A59F8C00089E21 /* Frameworks */ = {
			isa = PBXFrameworksBuildPhase;
			buildActionMask = 2147483647;
			files = (
			);
			runOnlyForDeploymentPostprocessing = 0;
		};
/* End PBXFrameworksBuildPhase section */

/* Begin PBXGroup section */
		96D9C3BE29A59F8C00089E21 = {
			isa = PBXGroup;
			children = (
				96D9C3C929A59F8C00089E21 /* MemoApp */,
				96D9C3C829A59F8C00089E21 /* Products */,
			);
			sourceTree = "<group>";
		};
		96D9C3C829A59F8C00089E21 /* Products */ = {
			isa = PBXGroup;
			children = (
				96D9C3C729A59F8C00089E21 /* MemoApp.app */,
			);
			name = Products;
			sourceTree = "<group>";
		};
		96D9C3C929A59F8C00089E21 /* MemoApp */ = {
			isa = PBXGroup;
			children = (
				96D9C3EA29A5A76A00089E21 /* ViewController */,
				96D9C3E629A5A39600089E21 /* Model */,
				96D9C3CA29A59F8C00089E21 /* AppDelegate.h */,
				96D9C3CB29A59F8C00089E21 /* AppDelegate.m */,
				96D9C3CD29A59F8C00089E21 /* SceneDelegate.h */,
				96D9C3CE29A59F8C00089E21 /* SceneDelegate.m */,
				96D9C3D329A59F8C00089E21 /* Main.storyboard */,
				96D9C3D929A59F8E00089E21 /* Assets.xcassets */,
				96D9C3DB29A59F8E00089E21 /* LaunchScreen.storyboard */,
				96D9C3DE29A59F8E00089E21 /* Info.plist */,
				96D9C3DF29A59F8E00089E21 /* main.m */,
				96D9C3D629A59F8C00089E21 /* MemoApp.xcdatamodeld */,
			);
			path = MemoApp;
			sourceTree = "<group>";
		};
		96D9C3E629A5A39600089E21 /* Model */ = {
			isa = PBXGroup;
			children = (
				96D9C3E729A5A3BF00089E21 /* Memo.h */,
				96D9C3E829A5A3BF00089E21 /* Memo.m */,
			);
			path = Model;
			sourceTree = "<group>";
		};
		96D9C3EA29A5A76A00089E21 /* ViewController */ = {
			isa = PBXGroup;
			children = (
				96D9C3F929A5B82B00089E21 /* Detail */,
				96D9C3F829A5B0A700089E21 /* Compose */,
				96D9C3F729A5B09900089E21 /* MomeList */,
			);
			path = ViewController;
			sourceTree = "<group>";
		};
		96D9C3F729A5B09900089E21 /* MomeList */ = {
			isa = PBXGroup;
			children = (
				96D9C3F129A5A7B900089E21 /* MemoListTableViewController.h */,
				96D9C3F229A5A7B900089E21 /* MemoListTableViewController.m */,
			);
			path = MomeList;
			sourceTree = "<group>";
		};
		96D9C3F829A5B0A700089E21 /* Compose */ = {
			isa = PBXGroup;
			children = (
				96D9C3F429A5B08E00089E21 /* ComposeViewController.h */,
				96D9C3F529A5B08E00089E21 /* ComposeViewController.m */,
			);
			path = Compose;
			sourceTree = "<group>";
		};
		96D9C3F929A5B82B00089E21 /* Detail */ = {
			isa = PBXGroup;
			children = (
				96D9C3FD29A5B8A000089E21 /* DetailViewController.h */,
				96D9C3FE29A5B8A000089E21 /* DetailViewController.m */,
			);
			path = Detail;
			sourceTree = "<group>";
		};
/* End PBXGroup section */

/* Begin PBXNativeTarget section */
		96D9C3C629A59F8C00089E21 /* MemoApp */ = {
			isa = PBXNativeTarget;
			buildConfigurationList = 96D9C3E329A59F8E00089E21 /* Build configuration list for PBXNativeTarget "MemoApp" */;
			buildPhases = (
				96D9C3C329A59F8C00089E21 /* Sources */,
				96D9C3C429A59F8C00089E21 /* Frameworks */,
				96D9C3C529A59F8C00089E21 /* Resources */,
			);
			buildRules = (
			);
			dependencies = (
			);
			name = MemoApp;
			productName = MemoApp;
			productReference = 96D9C3C729A59F8C00089E21 /* MemoApp.app */;
			productType = "com.apple.product-type.application";
		};
/* End PBXNativeTarget section */

/* Begin PBXProject section */
		96D9C3BF29A59F8C00089E21 /* Project object */ = {
			isa = PBXProject;
			attributes = {
				BuildIndependentTargetsInParallel = 1;
				LastUpgradeCheck = 1320;
				TargetAttributes = {
					96D9C3C629A59F8C00089E21 = {
						CreatedOnToolsVersion = 13.2.1;
					};
				};
			};
			buildConfigurationList = 96D9C3C229A59F8C00089E21 /* Build configuration list for PBXProject "MemoApp" */;
			compatibilityVersion = "Xcode 13.0";
			developmentRegion = en;
			hasScannedForEncodings = 0;
			knownRegions = (
				en,
				Base,
			);
			mainGroup = 96D9C3BE29A59F8C00089E21;
			productRefGroup = 96D9C3C829A59F8C00089E21 /* Products */;
			projectDirPath = "";
			projectRoot = "";
			targets = (
				96D9C3C629A59F8C00089E21 /* MemoApp */,
			);
		};
/* End PBXProject section */

/* Begin PBXResourcesBuildPhase section */
		96D9C3C529A59F8C00089E21 /* Resources */ = {
			isa = PBXResourcesBuildPhase;
			buildActionMask = 2147483647;
			files = (
				96D9C3DD29A59F8E00089E21 /* LaunchScreen.storyboard in Resources */,
				96D9C3DA29A59F8E00089E21 /* Assets.xcassets in Resources */,
				96D9C3D529A59F8C00089E21 /* Main.storyboard in Resources */,
			);
			runOnlyForDeploymentPostprocessing = 0;
		};
/* End PBXResourcesBuildPhase section */

/* Begin PBXSourcesBuildPhase section */
		96D9C3C329A59F8C00089E21 /* Sources */ = {
			isa = PBXSourcesBuildPhase;
			buildActionMask = 2147483647;
			files = (
				96D9C3E929A5A3BF00089E21 /* Memo.m in Sources */,
				96D9C3F329A5A7B900089E21 /* MemoListTableViewController.m in Sources */,
				96D9C3E029A59F8E00089E21 /* main.m in Sources */,
				96D9C3FF29A5B8A000089E21 /* DetailViewController.m in Sources */,
				96D9C3CC29A59F8C00089E21 /* AppDelegate.m in Sources */,
				96D9C3F629A5B08E00089E21 /* ComposeViewController.m in Sources */,
				96D9C3CF29A59F8C00089E21 /* SceneDelegate.m in Sources */,
				96D9C3D829A59F8C00089E21 /* MemoApp.xcdatamodeld in Sources */,
			);
			runOnlyForDeploymentPostprocessing = 0;
		};
/* End PBXSourcesBuildPhase section */

/* Begin PBXVariantGroup section */
		96D9C3D329A59F8C00089E21 /* Main.storyboard */ = {
			isa = PBXVariantGroup;
			children = (
				96D9C3D429A59F8C00089E21 /* Base */,
			);
			name = Main.storyboard;
			sourceTree = "<group>";
		};
		96D9C3DB29A59F8E00089E21 /* LaunchScreen.storyboard */ = {
			isa = PBXVariantGroup;
			children = (
				96D9C3DC29A59F8E00089E21 /* Base */,
			);
			name = LaunchScreen.storyboard;
			sourceTree = "<group>";
		};
/* End PBXVariantGroup section */

/* Begin XCBuildConfiguration section */
		96D9C3E129A59F8E00089E21 /* Debug */ = {
			isa = XCBuildConfiguration;
			buildSettings = {
				ALWAYS_SEARCH_USER_PATHS = NO;
				CLANG_ANALYZER_NONNULL = YES;
				CLANG_ANALYZER_NUMBER_OBJECT_CONVERSION = YES_AGGRESSIVE;
				CLANG_CXX_LANGUAGE_STANDARD = "gnu++17";
				CLANG_CXX_LIBRARY = "libc++";
				CLANG_ENABLE_MODULES = YES;
				CLANG_ENABLE_OBJC_ARC = YES;
				CLANG_ENABLE_OBJC_WEAK = YES;
				CLANG_WARN_BLOCK_CAPTURE_AUTORELEASING = YES;
				CLANG_WARN_BOOL_CONVERSION = YES;
				CLANG_WARN_COMMA = YES;
				CLANG_WARN_CONSTANT_CONVERSION = YES;
				CLANG_WARN_DEPRECATED_OBJC_IMPLEMENTATIONS = YES;
				CLANG_WARN_DIRECT_OBJC_ISA_USAGE = YES_ERROR;
				CLANG_WARN_DOCUMENTATION_COMMENTS = YES;
				CLANG_WARN_EMPTY_BODY = YES;
				CLANG_WARN_ENUM_CONVERSION = YES;
				CLANG_WARN_INFINITE_RECURSION = YES;
				CLANG_WARN_INT_CONVERSION = YES;
				CLANG_WARN_NON_LITERAL_NULL_CONVERSION = YES;
				CLANG_WARN_OBJC_IMPLICIT_RETAIN_SELF = YES;
				CLANG_WARN_OBJC_LITERAL_CONVERSION = YES;
				CLANG_WARN_OBJC_ROOT_CLASS = YES_ERROR;
				CLANG_WARN_QUOTED_INCLUDE_IN_FRAMEWORK_HEADER = YES;
				CLANG_WARN_RANGE_LOOP_ANALYSIS = YES;
				CLANG_WARN_STRICT_PROTOTYPES = YES;
				CLANG_WARN_SUSPICIOUS_MOVE = YES;
				CLANG_WARN_UNGUARDED_AVAILABILITY = YES_AGGRESSIVE;
				CLANG_WARN_UNREACHABLE_CODE = YES;
				CLANG_WARN__DUPLICATE_METHOD_MATCH = YES;
				COPY_PHASE_STRIP = NO;
				DEBUG_INFORMATION_FORMAT = dwarf;
				ENABLE_STRICT_OBJC_MSGSEND = YES;
				ENABLE_TESTABILITY = YES;
				GCC_C_LANGUAGE_STANDARD = gnu11;
				GCC_DYNAMIC_NO_PIC = NO;
				GCC_NO_COMMON_BLOCKS = YES;
				GCC_OPTIMIZATION_LEVEL = 0;
				GCC_PREPROCESSOR_DEFINITIONS = (
					"DEBUG=1",
					"$(inherited)",
				);
				GCC_WARN_64_TO_32_BIT_CONVERSION = YES;
				GCC_WARN_ABOUT_RETURN_TYPE = YES_ERROR;
				GCC_WARN_UNDECLARED_SELECTOR = YES;
				GCC_WARN_UNINITIALIZED_AUTOS = YES_AGGRESSIVE;
				GCC_WARN_UNUSED_FUNCTION = YES;
				GCC_WARN_UNUSED_VARIABLE = YES;
				IPHONEOS_DEPLOYMENT_TARGET = 15.2;
				MTL_ENABLE_DEBUG_INFO = INCLUDE_SOURCE;
				MTL_FAST_MATH = YES;
				ONLY_ACTIVE_ARCH = YES;
				SDKROOT = iphoneos;
			};
			name = Debug;
		};
		96D9C3E229A59F8E00089E21 /* Release */ = {
			isa = XCBuildConfiguration;
			buildSettings = {
				ALWAYS_SEARCH_USER_PATHS = NO;
				CLANG_ANALYZER_NONNULL = YES;
				CLANG_ANALYZER_NUMBER_OBJECT_CONVERSION = YES_AGGRESSIVE;
				CLANG_CXX_LANGUAGE_STANDARD = "gnu++17";
				CLANG_CXX_LIBRARY = "libc++";
				CLANG_ENABLE_MODULES = YES;
				CLANG_ENABLE_OBJC_ARC = YES;
				CLANG_ENABLE_OBJC_WEAK = YES;
				CLANG_WARN_BLOCK_CAPTURE_AUTORELEASING = YES;
				CLANG_WARN_BOOL_CONVERSION = YES;
				CLANG_WARN_COMMA = YES;
				CLANG_WARN_CONSTANT_CONVERSION = YES;
				CLANG_WARN_DEPRECATED_OBJC_IMPLEMENTATIONS = YES;
				CLANG_WARN_DIRECT_OBJC_ISA_USAGE = YES_ERROR;
				CLANG_WARN_DOCUMENTATION_COMMENTS = YES;
				CLANG_WARN_EMPTY_BODY = YES;
				CLANG_WARN_ENUM_CONVERSION = YES;
				CLANG_WARN_INFINITE_RECURSION = YES;
				CLANG_WARN_INT_CONVERSION = YES;
				CLANG_WARN_NON_LITERAL_NULL_CONVERSION = YES;
				CLANG_WARN_OBJC_IMPLICIT_RETAIN_SELF = YES;
				CLANG_WARN_OBJC_LITERAL_CONVERSION = YES;
				CLANG_WARN_OBJC_ROOT_CLASS = YES_ERROR;
				CLANG_WARN_QUOTED_INCLUDE_IN_FRAMEWORK_HEADER = YES;
				CLANG_WARN_RANGE_LOOP_ANALYSIS = YES;
				CLANG_WARN_STRICT_PROTOTYPES = YES;
				CLANG_WARN_SUSPICIOUS_MOVE = YES;
				CLANG_WARN_UNGUARDED_AVAILABILITY = YES_AGGRESSIVE;
				CLANG_WARN_UNREACHABLE_CODE = YES;
				CLANG_WARN__DUPLICATE_METHOD_MATCH = YES;
				COPY_PHASE_STRIP = NO;
				DEBUG_INFORMATION_FORMAT = "dwarf-with-dsym";
				ENABLE_NS_ASSERTIONS = NO;
				ENABLE_STRICT_OBJC_MSGSEND = YES;
				GCC_C_LANGUAGE_STANDARD = gnu11;
				GCC_NO_COMMON_BLOCKS = YES;
				GCC_WARN_64_TO_32_BIT_CONVERSION = YES;
				GCC_WARN_ABOUT_RETURN_TYPE = YES_ERROR;
				GCC_WARN_UNDECLARED_SELECTOR = YES;
				GCC_WARN_UNINITIALIZED_AUTOS = YES_AGGRESSIVE;
				GCC_WARN_UNUSED_FUNCTION = YES;
				GCC_WARN_UNUSED_VARIABLE = YES;
				IPHONEOS_DEPLOYMENT_TARGET = 15.2;
				MTL_ENABLE_DEBUG_INFO = NO;
				MTL_FAST_MATH = YES;
				SDKROOT = iphoneos;
				VALIDATE_PRODUCT = YES;
			};
			name = Release;
		};
		96D9C3E429A59F8E00089E21 /* Debug */ = {
			isa = XCBuildConfiguration;
			buildSettings = {
				ASSETCATALOG_COMPILER_APPICON_NAME = AppIcon;
				ASSETCATALOG_COMPILER_GLOBAL_ACCENT_COLOR_NAME = AccentColor;
				CODE_SIGN_STYLE = Automatic;
				CURRENT_PROJECT_VERSION = 1;
				DEVELOPMENT_TEAM = M79928L8PF;
				GENERATE_INFOPLIST_FILE = YES;
				INFOPLIST_FILE = MemoApp/Info.plist;
				INFOPLIST_KEY_CFBundleDisplayName = Memo;
				INFOPLIST_KEY_UIApplicationSupportsIndirectInputEvents = YES;
				INFOPLIST_KEY_UILaunchStoryboardName = LaunchScreen;
				INFOPLIST_KEY_UIMainStoryboardFile = Main;
				INFOPLIST_KEY_UISupportedInterfaceOrientations_iPad = "UIInterfaceOrientationPortrait UIInterfaceOrientationPortraitUpsideDown UIInterfaceOrientationLandscapeLeft UIInterfaceOrientationLandscapeRight";
				INFOPLIST_KEY_UISupportedInterfaceOrientations_iPhone = "UIInterfaceOrientationPortrait UIInterfaceOrientationLandscapeLeft UIInterfaceOrientationLandscapeRight";
				LD_RUNPATH_SEARCH_PATHS = (
					"$(inherited)",
					"@executable_path/Frameworks",
				);
				MARKETING_VERSION = 1.0;
				PRODUCT_BUNDLE_IDENTIFIER = oguuk.MemoApp;
				PRODUCT_NAME = "$(TARGET_NAME)";
				SWIFT_EMIT_LOC_STRINGS = YES;
				TARGETED_DEVICE_FAMILY = "1,2";
			};
			name = Debug;
		};
		96D9C3E529A59F8E00089E21 /* Release */ = {
			isa = XCBuildConfiguration;
			buildSettings = {
				ASSETCATALOG_COMPILER_APPICON_NAME = AppIcon;
				ASSETCATALOG_COMPILER_GLOBAL_ACCENT_COLOR_NAME = AccentColor;
				CODE_SIGN_STYLE = Automatic;
				CURRENT_PROJECT_VERSION = 1;
				DEVELOPMENT_TEAM = M79928L8PF;
				GENERATE_INFOPLIST_FILE = YES;
				INFOPLIST_FILE = MemoApp/Info.plist;
				INFOPLIST_KEY_CFBundleDisplayName = Memo;
				INFOPLIST_KEY_UIApplicationSupportsIndirectInputEvents = YES;
				INFOPLIST_KEY_UILaunchStoryboardName = LaunchScreen;
				INFOPLIST_KEY_UIMainStoryboardFile = Main;
				INFOPLIST_KEY_UISupportedInterfaceOrientations_iPad = "UIInterfaceOrientationPortrait UIInterfaceOrientationPortraitUpsideDown UIInterfaceOrientationLandscapeLeft UIInterfaceOrientationLandscapeRight";
				INFOPLIST_KEY_UISupportedInterfaceOrientations_iPhone = "UIInterfaceOrientationPortrait UIInterfaceOrientationLandscapeLeft UIInterfaceOrientationLandscapeRight";
				LD_RUNPATH_SEARCH_PATHS = (
					"$(inherited)",
					"@executable_path/Frameworks",
				);
				MARKETING_VERSION = 1.0;
				PRODUCT_BUNDLE_IDENTIFIER = oguuk.MemoApp;
				PRODUCT_NAME = "$(TARGET_NAME)";
				SWIFT_EMIT_LOC_STRINGS = YES;
				TARGETED_DEVICE_FAMILY = "1,2";
			};
			name = Release;
		};
/* End XCBuildConfiguration section */

/* Begin XCConfigurationList section */
		96D9C3C229A59F8C00089E21 /* Build configuration list for PBXProject "MemoApp" */ = {
			isa = XCConfigurationList;
			buildConfigurations = (
				96D9C3E129A59F8E00089E21 /* Debug */,
				96D9C3E229A59F8E00089E21 /* Release */,
			);
			defaultConfigurationIsVisible = 0;
			defaultConfigurationName = Release;
		};
		96D9C3E329A59F8E00089E21 /* Build configuration list for PBXNativeTarget "MemoApp" */ = {
			isa = XCConfigurationList;
			buildConfigurations = (
				96D9C3E429A59F8E00089E21 /* Debug */,
				96D9C3E529A59F8E00089E21 /* Release */,
			);
			defaultConfigurationIsVisible = 0;
			defaultConfigurationName = Release;
		};
/* End XCConfigurationList section */

/* Begin XCVersionGroup section */
		96D9C3D629A59F8C00089E21 /* MemoApp.xcdatamodeld */ = {
			isa = XCVersionGroup;
			children = (
				96D9C3D729A59F8C00089E21 /* MemoApp.xcdatamodel */,
			);
			currentVersion = 96D9C3D729A59F8C00089E21 /* MemoApp.xcdatamodel */;
			path = MemoApp.xcdatamodeld;
			sourceTree = "<group>";
			versionGroupType = wrapper.xcdatamodel;
		};
/* End XCVersionGroup section */
	};
	rootObject = 96D9C3BF29A59F8C00089E21 /* Project object */;
}
